
Microsoft Visual Studio Solution File, Format Version 12.00
Project("{2150E333-8FDC-42A3-9474-1A3956D46DE8}") = "Core", "Core", "{33531869-82A5-4C3D-B82C-991006EC2766}"
EndProject
Project("{2150E333-8FDC-42A3-9474-1A3956D46DE8}") = "BackgroundTasks", "BackgroundTasks", "{29CCEC48-287A-44EF-8199-B09A27A5D724}"
EndProject
Project("{FAE04EC0-301F-11D3-BF4B-00C04F79EFBC}") = "MetricsAPI.Domain", "MetricsAPI.Domain\MetricsAPI.Domain.csproj", "{A297CFD4-7CEA-4E25-8729-8F12AC7DADE3}"
EndProject
Project("{FAE04EC0-301F-11D3-BF4B-00C04F79EFBC}") = "MetricsAPI.Application", "MetricsAPI.Application\MetricsAPI.Application.csproj", "{EE8FB674-A418-4290-8BC9-05B5A3D3353E}"
EndProject
Project("{FAE04EC0-301F-11D3-BF4B-00C04F79EFBC}") = "MetricsAPI.Contracts", "MetricsAPI.Contracts\MetricsAPI.Contracts.csproj", "{FC7C0F30-8F66-4E69-8A54-949AD3418677}"
EndProject
Project("{2150E333-8FDC-42A3-9474-1A3956D46DE8}") = "Database", "Database", "{A9F1556F-8BE7-4894-A763-C2FDFCCF3338}"
EndProject
Project("{FAE04EC0-301F-11D3-BF4B-00C04F79EFBC}") = "MetricsAPI.Database", "MetricsAPI.Database\MetricsAPI.Database.csproj", "{0BDBB5A5-4328-4D37-AE48-6983F5ADC25D}"
EndProject
Project("{FAE04EC0-301F-11D3-BF4B-00C04F79EFBC}") = "MetricsAPI.BackgroundTasks", "MetricsAPI.BackgroundTasks\MetricsAPI.BackgroundTasks.csproj", "{0EEAF361-A84F-415E-91E1-3356F1FFB39C}"
EndProject
Project("{2150E333-8FDC-42A3-9474-1A3956D46DE8}") = "Services", "Services", "{B8F28C38-B2D7-4804-B2DB-9B26F021E8C5}"
EndProject
Project("{FAE04EC0-301F-11D3-BF4B-00C04F79EFBC}") = "MetricsAPI.Cache", "MetricsAPI.Cache\MetricsAPI.Cache.csproj", "{4D8791FA-70B7-4B2C-8FBA-C4FF55180124}"
EndProject
Project("{2150E333-8FDC-42A3-9474-1A3956D46DE8}") = "Api", "Api", "{192737D8-3F67-4E50-A58A-5CCA6FB0A367}"
EndProject
Project("{FAE04EC0-301F-11D3-BF4B-00C04F79EFBC}") = "MetricsAPI", "MetricsAPI\MetricsAPI.csproj", "{1108BB83-7AD9-40E4-B2AF-4F82CF712EFD}"
EndProject
Project("{2150E333-8FDC-42A3-9474-1A3956D46DE8}") = "Tests", "Tests", "{20063531-5ADD-455F-9DEB-219E4DD97544}"
EndProject
Project("{FAE04EC0-301F-11D3-BF4B-00C04F79EFBC}") = "MetricsAPI.Tests", "MetricsAPI.Tests\MetricsAPI.Tests.csproj", "{F24EDCB5-0DA0-4282-A471-713961B5196E}"
EndProject
Project("{2150E333-8FDC-42A3-9474-1A3956D46DE8}") = "Solution Items", "Solution Items", "{5B65095C-49F6-42B5-AD39-4B4796AA38AF}"
	ProjectSection(SolutionItems) = preProject
		docker-compose.yml = docker-compose.yml
		kubernetes.yaml = kubernetes.yaml
		prometheus.yaml = prometheus.yaml
	EndProjectSection
EndProject
Global
	GlobalSection(SolutionConfigurationPlatforms) = preSolution
		Debug|Any CPU = Debug|Any CPU
		Release|Any CPU = Release|Any CPU
	EndGlobalSection
	GlobalSection(ProjectConfigurationPlatforms) = postSolution
		{A297CFD4-7CEA-4E25-8729-8F12AC7DADE3}.Debug|Any CPU.ActiveCfg = Debug|Any CPU
		{A297CFD4-7CEA-4E25-8729-8F12AC7DADE3}.Debug|Any CPU.Build.0 = Debug|Any CPU
		{A297CFD4-7CEA-4E25-8729-8F12AC7DADE3}.Release|Any CPU.ActiveCfg = Release|Any CPU
		{A297CFD4-7CEA-4E25-8729-8F12AC7DADE3}.Release|Any CPU.Build.0 = Release|Any CPU
		{EE8FB674-A418-4290-8BC9-05B5A3D3353E}.Debug|Any CPU.ActiveCfg = Debug|Any CPU
		{EE8FB674-A418-4290-8BC9-05B5A3D3353E}.Debug|Any CPU.Build.0 = Debug|Any CPU
		{EE8FB674-A418-4290-8BC9-05B5A3D3353E}.Release|Any CPU.ActiveCfg = Release|Any CPU
		{EE8FB674-A418-4290-8BC9-05B5A3D3353E}.Release|Any CPU.Build.0 = Release|Any CPU
		{FC7C0F30-8F66-4E69-8A54-949AD3418677}.Debug|Any CPU.ActiveCfg = Debug|Any CPU
		{FC7C0F30-8F66-4E69-8A54-949AD3418677}.Debug|Any CPU.Build.0 = Debug|Any CPU
		{FC7C0F30-8F66-4E69-8A54-949AD3418677}.Release|Any CPU.ActiveCfg = Release|Any CPU
		{FC7C0F30-8F66-4E69-8A54-949AD3418677}.Release|Any CPU.Build.0 = Release|Any CPU
		{0BDBB5A5-4328-4D37-AE48-6983F5ADC25D}.Debug|Any CPU.ActiveCfg = Debug|Any CPU
		{0BDBB5A5-4328-4D37-AE48-6983F5ADC25D}.Debug|Any CPU.Build.0 = Debug|Any CPU
		{0BDBB5A5-4328-4D37-AE48-6983F5ADC25D}.Release|Any CPU.ActiveCfg = Release|Any CPU
		{0BDBB5A5-4328-4D37-AE48-6983F5ADC25D}.Release|Any CPU.Build.0 = Release|Any CPU
		{0EEAF361-A84F-415E-91E1-3356F1FFB39C}.Debug|Any CPU.ActiveCfg = Debug|Any CPU
		{0EEAF361-A84F-415E-91E1-3356F1FFB39C}.Debug|Any CPU.Build.0 = Debug|Any CPU
		{0EEAF361-A84F-415E-91E1-3356F1FFB39C}.Release|Any CPU.ActiveCfg = Release|Any CPU
		{0EEAF361-A84F-415E-91E1-3356F1FFB39C}.Release|Any CPU.Build.0 = Release|Any CPU
		{4D8791FA-70B7-4B2C-8FBA-C4FF55180124}.Debug|Any CPU.ActiveCfg = Debug|Any CPU
		{4D8791FA-70B7-4B2C-8FBA-C4FF55180124}.Debug|Any CPU.Build.0 = Debug|Any CPU
		{4D8791FA-70B7-4B2C-8FBA-C4FF55180124}.Release|Any CPU.ActiveCfg = Release|Any CPU
		{4D8791FA-70B7-4B2C-8FBA-C4FF55180124}.Release|Any CPU.Build.0 = Release|Any CPU
		{1108BB83-7AD9-40E4-B2AF-4F82CF712EFD}.Debug|Any CPU.ActiveCfg = Debug|Any CPU
		{1108BB83-7AD9-40E4-B2AF-4F82CF712EFD}.Debug|Any CPU.Build.0 = Debug|Any CPU
		{1108BB83-7AD9-40E4-B2AF-4F82CF712EFD}.Release|Any CPU.ActiveCfg = Release|Any CPU
		{1108BB83-7AD9-40E4-B2AF-4F82CF712EFD}.Release|Any CPU.Build.0 = Release|Any CPU
		{F24EDCB5-0DA0-4282-A471-713961B5196E}.Debug|Any CPU.ActiveCfg = Debug|Any CPU
		{F24EDCB5-0DA0-4282-A471-713961B5196E}.Debug|Any CPU.Build.0 = Debug|Any CPU
		{F24EDCB5-0DA0-4282-A471-713961B5196E}.Release|Any CPU.ActiveCfg = Release|Any CPU
		{F24EDCB5-0DA0-4282-A471-713961B5196E}.Release|Any CPU.Build.0 = Release|Any CPU
	EndGlobalSection
	GlobalSection(NestedProjects) = preSolution
		{A297CFD4-7CEA-4E25-8729-8F12AC7DADE3} = {33531869-82A5-4C3D-B82C-991006EC2766}
		{EE8FB674-A418-4290-8BC9-05B5A3D3353E} = {33531869-82A5-4C3D-B82C-991006EC2766}
		{FC7C0F30-8F66-4E69-8A54-949AD3418677} = {33531869-82A5-4C3D-B82C-991006EC2766}
		{0BDBB5A5-4328-4D37-AE48-6983F5ADC25D} = {A9F1556F-8BE7-4894-A763-C2FDFCCF3338}
		{0EEAF361-A84F-415E-91E1-3356F1FFB39C} = {29CCEC48-287A-44EF-8199-B09A27A5D724}
		{4D8791FA-70B7-4B2C-8FBA-C4FF55180124} = {B8F28C38-B2D7-4804-B2DB-9B26F021E8C5}
		{1108BB83-7AD9-40E4-B2AF-4F82CF712EFD} = {192737D8-3F67-4E50-A58A-5CCA6FB0A367}
		{F24EDCB5-0DA0-4282-A471-713961B5196E} = {20063531-5ADD-455F-9DEB-219E4DD97544}
	EndGlobalSection
EndGlobal
